// !$*UTF8*$!
{
	archiveVersion = 1;
	classes = {
	};
	objectVersion = 56;
	objects = {

/* Begin PBXBuildFile section */
		8814A1052A73D4CC0061C45E /* AppDelegate.swift in Sources */ = {isa = PBXBuildFile; fileRef = 8814A1042A73D4CC0061C45E /* AppDelegate.swift */; };
		8814A10F2A73D4CC0061C45E /* If_I_die.xcdatamodeld in Sources */ = {isa = PBXBuildFile; fileRef = 8814A10D2A73D4CC0061C45E /* If_I_die.xcdatamodeld */; };
		8814A1112A73D4CE0061C45E /* Assets.xcassets in Resources */ = {isa = PBXBuildFile; fileRef = 8814A1102A73D4CE0061C45E /* Assets.xcassets */; };
		8814A1142A73D4CE0061C45E /* LaunchScreen.storyboard in Resources */ = {isa = PBXBuildFile; fileRef = 8814A1122A73D4CE0061C45E /* LaunchScreen.storyboard */; };
		8814A11C2A73DE090061C45E /* ProfileViewController.swift in Sources */ = {isa = PBXBuildFile; fileRef = 8814A11B2A73DE090061C45E /* ProfileViewController.swift */; };
		8814A11E2A73DF760061C45E /* ProcurationViewController.swift in Sources */ = {isa = PBXBuildFile; fileRef = 8814A11D2A73DF760061C45E /* ProcurationViewController.swift */; };
		8814A1232A73FB710061C45E /* TempData.swift in Sources */ = {isa = PBXBuildFile; fileRef = 8814A1222A73FB710061C45E /* TempData.swift */; };
		8814A1292A75C4590061C45E /* MyConfidantsViewController.swift in Sources */ = {isa = PBXBuildFile; fileRef = 8814A1282A75C4590061C45E /* MyConfidantsViewController.swift */; };
		8814A12B2A75C7400061C45E /* MyConfidantTableViewCell.swift in Sources */ = {isa = PBXBuildFile; fileRef = 8814A12A2A75C7400061C45E /* MyConfidantTableViewCell.swift */; };
		8814A12E2A75E0930061C45E /* AddConfidantViewController.swift in Sources */ = {isa = PBXBuildFile; fileRef = 8814A12D2A75E0930061C45E /* AddConfidantViewController.swift */; };
		8814A1302A75EA8D0061C45E /* MyWillsViewController.swift in Sources */ = {isa = PBXBuildFile; fileRef = 8814A12F2A75EA8D0061C45E /* MyWillsViewController.swift */; };
		8814A1332A75EB1C0061C45E /* MyWillTableViewCell.swift in Sources */ = {isa = PBXBuildFile; fileRef = 8814A1322A75EB1C0061C45E /* MyWillTableViewCell.swift */; };
		8814A1352A75EEC40061C45E /* AddWillViewController.swift in Sources */ = {isa = PBXBuildFile; fileRef = 8814A1342A75EEC40061C45E /* AddWillViewController.swift */; };
		8814A1382A7747A60061C45E /* FirebaseAuth in Frameworks */ = {isa = PBXBuildFile; productRef = 8814A1372A7747A60061C45E /* FirebaseAuth */; };
		8814A13A2A7747A60061C45E /* FirebaseFirestore in Frameworks */ = {isa = PBXBuildFile; productRef = 8814A1392A7747A60061C45E /* FirebaseFirestore */; };
		8814A13C2A7747A60061C45E /* FirebaseFirestoreSwift in Frameworks */ = {isa = PBXBuildFile; productRef = 8814A13B2A7747A60061C45E /* FirebaseFirestoreSwift */; };
		8814A13E2A77491A0061C45E /* GoogleService-Info.plist in Resources */ = {isa = PBXBuildFile; fileRef = 8814A13D2A7749180061C45E /* GoogleService-Info.plist */; };
		8814A1412A77561E0061C45E /* LoginViewController.swift in Sources */ = {isa = PBXBuildFile; fileRef = 8814A1402A77561E0061C45E /* LoginViewController.swift */; };
		8814A1432A77565C0061C45E /* RegistrationViewController.swift in Sources */ = {isa = PBXBuildFile; fileRef = 8814A1422A77565C0061C45E /* RegistrationViewController.swift */; };
		8814A1462A7757BE0061C45E /* StandardTypesExtensions.swift in Sources */ = {isa = PBXBuildFile; fileRef = 8814A1452A7757BE0061C45E /* StandardTypesExtensions.swift */; };
		8814A1492A77596B0061C45E /* UIStandartElements.swift in Sources */ = {isa = PBXBuildFile; fileRef = 8814A1482A77596B0061C45E /* UIStandartElements.swift */; };
		8814A14B2A780EB20061C45E /* DataModels.swift in Sources */ = {isa = PBXBuildFile; fileRef = 8814A14A2A780EB20061C45E /* DataModels.swift */; };
		8814A14D2A7812A30061C45E /* FirebaseService.swift in Sources */ = {isa = PBXBuildFile; fileRef = 8814A14C2A7812A30061C45E /* FirebaseService.swift */; };
		88774E5A2A7C3A5A006369CE /* MainViewController.swift in Sources */ = {isa = PBXBuildFile; fileRef = 88774E592A7C3A5A006369CE /* MainViewController.swift */; };
		88774E5C2A7D8FED006369CE /* ForConfidantsTableViewCell.swift in Sources */ = {isa = PBXBuildFile; fileRef = 88774E5B2A7D8FED006369CE /* ForConfidantsTableViewCell.swift */; };
		88774E5E2A7D9042006369CE /* HeaderForMyWills.swift in Sources */ = {isa = PBXBuildFile; fileRef = 88774E5D2A7D9042006369CE /* HeaderForMyWills.swift */; };
		88774E602A881ECA006369CE /* WillForMeTableViewCell.swift in Sources */ = {isa = PBXBuildFile; fileRef = 88774E5F2A881ECA006369CE /* WillForMeTableViewCell.swift */; };
		88774E622A881FD9006369CE /* IAmConfidantTableViewCell.swift in Sources */ = {isa = PBXBuildFile; fileRef = 88774E612A881FD9006369CE /* IAmConfidantTableViewCell.swift */; };
		88774E642A8823FE006369CE /* WillForMeHeader.swift in Sources */ = {isa = PBXBuildFile; fileRef = 88774E632A8823FE006369CE /* WillForMeHeader.swift */; };
		88774E672A8F8C6F006369CE /* IAmConfidantViewController.swift in Sources */ = {isa = PBXBuildFile; fileRef = 88774E662A8F8C6F006369CE /* IAmConfidantViewController.swift */; };
		88774E692A8F8E39006369CE /* WhomIAmConfidantTableViewCell.swift in Sources */ = {isa = PBXBuildFile; fileRef = 88774E682A8F8E39006369CE /* WhomIAmConfidantTableViewCell.swift */; };
/* End PBXBuildFile section */

/* Begin PBXFileReference section */
		8814A1012A73D4CC0061C45E /* If I die.app */ = {isa = PBXFileReference; explicitFileType = wrapper.application; includeInIndex = 0; path = "If I die.app"; sourceTree = BUILT_PRODUCTS_DIR; };
		8814A1042A73D4CC0061C45E /* AppDelegate.swift */ = {isa = PBXFileReference; lastKnownFileType = sourcecode.swift; path = AppDelegate.swift; sourceTree = "<group>"; };
		8814A10E2A73D4CC0061C45E /* If_I_die.xcdatamodel */ = {isa = PBXFileReference; lastKnownFileType = wrapper.xcdatamodel; path = If_I_die.xcdatamodel; sourceTree = "<group>"; };
		8814A1102A73D4CE0061C45E /* Assets.xcassets */ = {isa = PBXFileReference; lastKnownFileType = folder.assetcatalog; path = Assets.xcassets; sourceTree = "<group>"; };
		8814A1132A73D4CE0061C45E /* Base */ = {isa = PBXFileReference; lastKnownFileType = file.storyboard; name = Base; path = Base.lproj/LaunchScreen.storyboard; sourceTree = "<group>"; };
		8814A1152A73D4CE0061C45E /* Info.plist */ = {isa = PBXFileReference; lastKnownFileType = text.plist.xml; path = Info.plist; sourceTree = "<group>"; };
		8814A11B2A73DE090061C45E /* ProfileViewController.swift */ = {isa = PBXFileReference; lastKnownFileType = sourcecode.swift; path = ProfileViewController.swift; sourceTree = "<group>"; };
		8814A11D2A73DF760061C45E /* ProcurationViewController.swift */ = {isa = PBXFileReference; lastKnownFileType = sourcecode.swift; path = ProcurationViewController.swift; sourceTree = "<group>"; };
		8814A1222A73FB710061C45E /* TempData.swift */ = {isa = PBXFileReference; lastKnownFileType = sourcecode.swift; path = TempData.swift; sourceTree = "<group>"; };
		8814A1282A75C4590061C45E /* MyConfidantsViewController.swift */ = {isa = PBXFileReference; lastKnownFileType = sourcecode.swift; path = MyConfidantsViewController.swift; sourceTree = "<group>"; };
		8814A12A2A75C7400061C45E /* MyConfidantTableViewCell.swift */ = {isa = PBXFileReference; lastKnownFileType = sourcecode.swift; path = MyConfidantTableViewCell.swift; sourceTree = "<group>"; };
		8814A12D2A75E0930061C45E /* AddConfidantViewController.swift */ = {isa = PBXFileReference; lastKnownFileType = sourcecode.swift; path = AddConfidantViewController.swift; sourceTree = "<group>"; };
		8814A12F2A75EA8D0061C45E /* MyWillsViewController.swift */ = {isa = PBXFileReference; lastKnownFileType = sourcecode.swift; path = MyWillsViewController.swift; sourceTree = "<group>"; };
		8814A1322A75EB1C0061C45E /* MyWillTableViewCell.swift */ = {isa = PBXFileReference; lastKnownFileType = sourcecode.swift; path = MyWillTableViewCell.swift; sourceTree = "<group>"; };
		8814A1342A75EEC40061C45E /* AddWillViewController.swift */ = {isa = PBXFileReference; lastKnownFileType = sourcecode.swift; path = AddWillViewController.swift; sourceTree = "<group>"; };
		8814A13D2A7749180061C45E /* GoogleService-Info.plist */ = {isa = PBXFileReference; fileEncoding = 4; lastKnownFileType = text.plist.xml; path = "GoogleService-Info.plist"; sourceTree = "<group>"; };
		8814A1402A77561E0061C45E /* LoginViewController.swift */ = {isa = PBXFileReference; lastKnownFileType = sourcecode.swift; path = LoginViewController.swift; sourceTree = "<group>"; };
		8814A1422A77565C0061C45E /* RegistrationViewController.swift */ = {isa = PBXFileReference; lastKnownFileType = sourcecode.swift; path = RegistrationViewController.swift; sourceTree = "<group>"; };
		8814A1452A7757BE0061C45E /* StandardTypesExtensions.swift */ = {isa = PBXFileReference; lastKnownFileType = sourcecode.swift; path = StandardTypesExtensions.swift; sourceTree = "<group>"; };
		8814A1482A77596B0061C45E /* UIStandartElements.swift */ = {isa = PBXFileReference; lastKnownFileType = sourcecode.swift; path = UIStandartElements.swift; sourceTree = "<group>"; };
		8814A14A2A780EB20061C45E /* DataModels.swift */ = {isa = PBXFileReference; lastKnownFileType = sourcecode.swift; path = DataModels.swift; sourceTree = "<group>"; };
		8814A14C2A7812A30061C45E /* FirebaseService.swift */ = {isa = PBXFileReference; lastKnownFileType = sourcecode.swift; path = FirebaseService.swift; sourceTree = "<group>"; };
		88774E592A7C3A5A006369CE /* MainViewController.swift */ = {isa = PBXFileReference; lastKnownFileType = sourcecode.swift; path = MainViewController.swift; sourceTree = "<group>"; };
		88774E5B2A7D8FED006369CE /* ForConfidantsTableViewCell.swift */ = {isa = PBXFileReference; lastKnownFileType = sourcecode.swift; path = ForConfidantsTableViewCell.swift; sourceTree = "<group>"; };
		88774E5D2A7D9042006369CE /* HeaderForMyWills.swift */ = {isa = PBXFileReference; lastKnownFileType = sourcecode.swift; path = HeaderForMyWills.swift; sourceTree = "<group>"; };
		88774E5F2A881ECA006369CE /* WillForMeTableViewCell.swift */ = {isa = PBXFileReference; lastKnownFileType = sourcecode.swift; path = WillForMeTableViewCell.swift; sourceTree = "<group>"; };
		88774E612A881FD9006369CE /* IAmConfidantTableViewCell.swift */ = {isa = PBXFileReference; lastKnownFileType = sourcecode.swift; path = IAmConfidantTableViewCell.swift; sourceTree = "<group>"; };
		88774E632A8823FE006369CE /* WillForMeHeader.swift */ = {isa = PBXFileReference; lastKnownFileType = sourcecode.swift; path = WillForMeHeader.swift; sourceTree = "<group>"; };
		88774E662A8F8C6F006369CE /* IAmConfidantViewController.swift */ = {isa = PBXFileReference; lastKnownFileType = sourcecode.swift; path = IAmConfidantViewController.swift; sourceTree = "<group>"; };
		88774E682A8F8E39006369CE /* WhomIAmConfidantTableViewCell.swift */ = {isa = PBXFileReference; lastKnownFileType = sourcecode.swift; path = WhomIAmConfidantTableViewCell.swift; sourceTree = "<group>"; };
/* End PBXFileReference section */

/* Begin PBXFrameworksBuildPhase section */
		8814A0FE2A73D4CC0061C45E /* Frameworks */ = {
			isa = PBXFrameworksBuildPhase;
			buildActionMask = 2147483647;
			files = (
				8814A1382A7747A60061C45E /* FirebaseAuth in Frameworks */,
				8814A13A2A7747A60061C45E /* FirebaseFirestore in Frameworks */,
				8814A13C2A7747A60061C45E /* FirebaseFirestoreSwift in Frameworks */,
			);
			runOnlyForDeploymentPostprocessing = 0;
		};
/* End PBXFrameworksBuildPhase section */

/* Begin PBXGroup section */
		8814A0F82A73D4CC0061C45E = {
			isa = PBXGroup;
			children = (
				8814A1032A73D4CC0061C45E /* If I die */,
				8814A1022A73D4CC0061C45E /* Products */,
			);
			sourceTree = "<group>";
		};
		8814A1022A73D4CC0061C45E /* Products */ = {
			isa = PBXGroup;
			children = (
				8814A1012A73D4CC0061C45E /* If I die.app */,
			);
			name = Products;
			sourceTree = "<group>";
		};
		8814A1032A73D4CC0061C45E /* If I die */ = {
			isa = PBXGroup;
			children = (
				8814A1042A73D4CC0061C45E /* AppDelegate.swift */,
				8814A1222A73FB710061C45E /* TempData.swift */,
				8814A1472A7757C30061C45E /* Library */,
				8814A1442A77567A0061C45E /* Sign In */,
				8814A11F2A73FAAD0061C45E /* Main */,
				8814A13F2A774B420061C45E /* IAmConfidant */,
				8814A11B2A73DE090061C45E /* ProfileViewController.swift */,
				8814A1102A73D4CE0061C45E /* Assets.xcassets */,
				8814A1122A73D4CE0061C45E /* LaunchScreen.storyboard */,
				8814A13D2A7749180061C45E /* GoogleService-Info.plist */,
				8814A1152A73D4CE0061C45E /* Info.plist */,
				8814A10D2A73D4CC0061C45E /* If_I_die.xcdatamodeld */,
			);
			path = "If I die";
			sourceTree = "<group>";
		};
		8814A11F2A73FAAD0061C45E /* Main */ = {
			isa = PBXGroup;
			children = (
				88774E592A7C3A5A006369CE /* MainViewController.swift */,
				88774E5B2A7D8FED006369CE /* ForConfidantsTableViewCell.swift */,
				88774E5D2A7D9042006369CE /* HeaderForMyWills.swift */,
				8814A1322A75EB1C0061C45E /* MyWillTableViewCell.swift */,
				8814A1342A75EEC40061C45E /* AddWillViewController.swift */,
				8814A1312A75EA950061C45E /* MyWills */,
				8814A12C2A75C7490061C45E /* MyConfidants */,
			);
			path = Main;
			sourceTree = "<group>";
		};
		8814A12C2A75C7490061C45E /* MyConfidants */ = {
			isa = PBXGroup;
			children = (
				8814A1282A75C4590061C45E /* MyConfidantsViewController.swift */,
				8814A12A2A75C7400061C45E /* MyConfidantTableViewCell.swift */,
				8814A12D2A75E0930061C45E /* AddConfidantViewController.swift */,
			);
			path = MyConfidants;
			sourceTree = "<group>";
		};
		8814A1312A75EA950061C45E /* MyWills */ = {
			isa = PBXGroup;
			children = (
				8814A12F2A75EA8D0061C45E /* MyWillsViewController.swift */,
			);
			path = MyWills;
			sourceTree = "<group>";
		};
		8814A13F2A774B420061C45E /* IAmConfidant */ = {
			isa = PBXGroup;
			children = (
				8814A11D2A73DF760061C45E /* ProcurationViewController.swift */,
				88774E612A881FD9006369CE /* IAmConfidantTableViewCell.swift */,
				88774E632A8823FE006369CE /* WillForMeHeader.swift */,
				88774E5F2A881ECA006369CE /* WillForMeTableViewCell.swift */,
				88774E652A8F8C38006369CE /* IAmConfidant */,
			);
			path = IAmConfidant;
			sourceTree = "<group>";
		};
		8814A1442A77567A0061C45E /* Sign In */ = {
			isa = PBXGroup;
			children = (
				8814A1402A77561E0061C45E /* LoginViewController.swift */,
				8814A1422A77565C0061C45E /* RegistrationViewController.swift */,
			);
			path = "Sign In";
			sourceTree = "<group>";
		};
		8814A1472A7757C30061C45E /* Library */ = {
			isa = PBXGroup;
			children = (
				8814A14C2A7812A30061C45E /* FirebaseService.swift */,
				8814A14A2A780EB20061C45E /* DataModels.swift */,
				8814A1452A7757BE0061C45E /* StandardTypesExtensions.swift */,
				8814A1482A77596B0061C45E /* UIStandartElements.swift */,
			);
			path = Library;
			sourceTree = "<group>";
		};
		88774E652A8F8C38006369CE /* IAmConfidant */ = {
			isa = PBXGroup;
			children = (
				88774E662A8F8C6F006369CE /* IAmConfidantViewController.swift */,
				88774E682A8F8E39006369CE /* WhomIAmConfidantTableViewCell.swift */,
			);
			path = IAmConfidant;
			sourceTree = "<group>";
		};
/* End PBXGroup section */

/* Begin PBXNativeTarget section */
		8814A1002A73D4CC0061C45E /* If I die */ = {
			isa = PBXNativeTarget;
			buildConfigurationList = 8814A1182A73D4CE0061C45E /* Build configuration list for PBXNativeTarget "If I die" */;
			buildPhases = (
				8814A0FD2A73D4CC0061C45E /* Sources */,
				8814A0FE2A73D4CC0061C45E /* Frameworks */,
				8814A0FF2A73D4CC0061C45E /* Resources */,
			);
			buildRules = (
			);
			dependencies = (
			);
			name = "If I die";
			packageProductDependencies = (
				8814A1372A7747A60061C45E /* FirebaseAuth */,
				8814A1392A7747A60061C45E /* FirebaseFirestore */,
				8814A13B2A7747A60061C45E /* FirebaseFirestoreSwift */,
			);
			productName = "If I die";
			productReference = 8814A1012A73D4CC0061C45E /* If I die.app */;
			productType = "com.apple.product-type.application";
		};
/* End PBXNativeTarget section */

/* Begin PBXProject section */
		8814A0F92A73D4CC0061C45E /* Project object */ = {
			isa = PBXProject;
			attributes = {
				BuildIndependentTargetsInParallel = 1;
				LastSwiftUpdateCheck = 1430;
				LastUpgradeCheck = 1430;
				TargetAttributes = {
					8814A1002A73D4CC0061C45E = {
						CreatedOnToolsVersion = 14.3.1;
					};
				};
			};
			buildConfigurationList = 8814A0FC2A73D4CC0061C45E /* Build configuration list for PBXProject "If I die" */;
			compatibilityVersion = "Xcode 14.0";
			developmentRegion = en;
			hasScannedForEncodings = 0;
			knownRegions = (
				en,
				Base,
			);
			mainGroup = 8814A0F82A73D4CC0061C45E;
			packageReferences = (
				8814A1362A7747A50061C45E /* XCRemoteSwiftPackageReference "firebase-ios-sdk" */,
			);
			productRefGroup = 8814A1022A73D4CC0061C45E /* Products */;
			projectDirPath = "";
			projectRoot = "";
			targets = (
				8814A1002A73D4CC0061C45E /* If I die */,
			);
		};
/* End PBXProject section */

/* Begin PBXResourcesBuildPhase section */
		8814A0FF2A73D4CC0061C45E /* Resources */ = {
			isa = PBXResourcesBuildPhase;
			buildActionMask = 2147483647;
			files = (
				8814A1142A73D4CE0061C45E /* LaunchScreen.storyboard in Resources */,
				8814A1112A73D4CE0061C45E /* Assets.xcassets in Resources */,
				8814A13E2A77491A0061C45E /* GoogleService-Info.plist in Resources */,
			);
			runOnlyForDeploymentPostprocessing = 0;
		};
/* End PBXResourcesBuildPhase section */

/* Begin PBXSourcesBuildPhase section */
		8814A0FD2A73D4CC0061C45E /* Sources */ = {
			isa = PBXSourcesBuildPhase;
			buildActionMask = 2147483647;
			files = (
				8814A1352A75EEC40061C45E /* AddWillViewController.swift in Sources */,
				8814A12E2A75E0930061C45E /* AddConfidantViewController.swift in Sources */,
				88774E622A881FD9006369CE /* IAmConfidantTableViewCell.swift in Sources */,
				8814A1412A77561E0061C45E /* LoginViewController.swift in Sources */,
				8814A1492A77596B0061C45E /* UIStandartElements.swift in Sources */,
				8814A1302A75EA8D0061C45E /* MyWillsViewController.swift in Sources */,
				88774E5A2A7C3A5A006369CE /* MainViewController.swift in Sources */,
				88774E5E2A7D9042006369CE /* HeaderForMyWills.swift in Sources */,
				8814A14D2A7812A30061C45E /* FirebaseService.swift in Sources */,
				8814A1292A75C4590061C45E /* MyConfidantsViewController.swift in Sources */,
				8814A10F2A73D4CC0061C45E /* If_I_die.xcdatamodeld in Sources */,
				88774E692A8F8E39006369CE /* WhomIAmConfidantTableViewCell.swift in Sources */,
				88774E602A881ECA006369CE /* WillForMeTableViewCell.swift in Sources */,
				8814A1462A7757BE0061C45E /* StandardTypesExtensions.swift in Sources */,
				8814A11E2A73DF760061C45E /* ProcurationViewController.swift in Sources */,
				88774E672A8F8C6F006369CE /* IAmConfidantViewController.swift in Sources */,
				8814A1432A77565C0061C45E /* RegistrationViewController.swift in Sources */,
				8814A11C2A73DE090061C45E /* ProfileViewController.swift in Sources */,
				88774E642A8823FE006369CE /* WillForMeHeader.swift in Sources */,
				8814A1232A73FB710061C45E /* TempData.swift in Sources */,
				8814A14B2A780EB20061C45E /* DataModels.swift in Sources */,
				8814A1332A75EB1C0061C45E /* MyWillTableViewCell.swift in Sources */,
				88774E5C2A7D8FED006369CE /* ForConfidantsTableViewCell.swift in Sources */,
				8814A1052A73D4CC0061C45E /* AppDelegate.swift in Sources */,
				8814A12B2A75C7400061C45E /* MyConfidantTableViewCell.swift in Sources */,
			);
			runOnlyForDeploymentPostprocessing = 0;
		};
/* End PBXSourcesBuildPhase section */

/* Begin PBXVariantGroup section */
		8814A1122A73D4CE0061C45E /* LaunchScreen.storyboard */ = {
			isa = PBXVariantGroup;
			children = (
				8814A1132A73D4CE0061C45E /* Base */,
			);
			name = LaunchScreen.storyboard;
			sourceTree = "<group>";
		};
/* End PBXVariantGroup section */

/* Begin XCBuildConfiguration section */
		8814A1162A73D4CE0061C45E /* Debug */ = {
			isa = XCBuildConfiguration;
			buildSettings = {
				ALWAYS_SEARCH_USER_PATHS = NO;
				CLANG_ANALYZER_NONNULL = YES;
				CLANG_ANALYZER_NUMBER_OBJECT_CONVERSION = YES_AGGRESSIVE;
				CLANG_CXX_LANGUAGE_STANDARD = "gnu++20";
				CLANG_ENABLE_MODULES = YES;
				CLANG_ENABLE_OBJC_ARC = YES;
				CLANG_ENABLE_OBJC_WEAK = YES;
				CLANG_WARN_BLOCK_CAPTURE_AUTORELEASING = YES;
				CLANG_WARN_BOOL_CONVERSION = YES;
				CLANG_WARN_COMMA = YES;
				CLANG_WARN_CONSTANT_CONVERSION = YES;
				CLANG_WARN_DEPRECATED_OBJC_IMPLEMENTATIONS = YES;
				CLANG_WARN_DIRECT_OBJC_ISA_USAGE = YES_ERROR;
				CLANG_WARN_DOCUMENTATION_COMMENTS = YES;
				CLANG_WARN_EMPTY_BODY = YES;
				CLANG_WARN_ENUM_CONVERSION = YES;
				CLANG_WARN_INFINITE_RECURSION = YES;
				CLANG_WARN_INT_CONVERSION = YES;
				CLANG_WARN_NON_LITERAL_NULL_CONVERSION = YES;
				CLANG_WARN_OBJC_IMPLICIT_RETAIN_SELF = YES;
				CLANG_WARN_OBJC_LITERAL_CONVERSION = YES;
				CLANG_WARN_OBJC_ROOT_CLASS = YES_ERROR;
				CLANG_WARN_QUOTED_INCLUDE_IN_FRAMEWORK_HEADER = YES;
				CLANG_WARN_RANGE_LOOP_ANALYSIS = YES;
				CLANG_WARN_STRICT_PROTOTYPES = YES;
				CLANG_WARN_SUSPICIOUS_MOVE = YES;
				CLANG_WARN_UNGUARDED_AVAILABILITY = YES_AGGRESSIVE;
				CLANG_WARN_UNREACHABLE_CODE = YES;
				CLANG_WARN__DUPLICATE_METHOD_MATCH = YES;
				COPY_PHASE_STRIP = NO;
				DEBUG_INFORMATION_FORMAT = dwarf;
				ENABLE_STRICT_OBJC_MSGSEND = YES;
				ENABLE_TESTABILITY = YES;
				GCC_C_LANGUAGE_STANDARD = gnu11;
				GCC_DYNAMIC_NO_PIC = NO;
				GCC_NO_COMMON_BLOCKS = YES;
				GCC_OPTIMIZATION_LEVEL = 0;
				GCC_PREPROCESSOR_DEFINITIONS = (
					"DEBUG=1",
					"$(inherited)",
				);
				GCC_WARN_64_TO_32_BIT_CONVERSION = YES;
				GCC_WARN_ABOUT_RETURN_TYPE = YES_ERROR;
				GCC_WARN_UNDECLARED_SELECTOR = YES;
				GCC_WARN_UNINITIALIZED_AUTOS = YES_AGGRESSIVE;
				GCC_WARN_UNUSED_FUNCTION = YES;
				GCC_WARN_UNUSED_VARIABLE = YES;
				IPHONEOS_DEPLOYMENT_TARGET = 16.4;
				MTL_ENABLE_DEBUG_INFO = INCLUDE_SOURCE;
				MTL_FAST_MATH = YES;
				ONLY_ACTIVE_ARCH = YES;
				SDKROOT = iphoneos;
				SWIFT_ACTIVE_COMPILATION_CONDITIONS = DEBUG;
				SWIFT_OPTIMIZATION_LEVEL = "-Onone";
			};
			name = Debug;
		};
		8814A1172A73D4CE0061C45E /* Release */ = {
			isa = XCBuildConfiguration;
			buildSettings = {
				ALWAYS_SEARCH_USER_PATHS = NO;
				CLANG_ANALYZER_NONNULL = YES;
				CLANG_ANALYZER_NUMBER_OBJECT_CONVERSION = YES_AGGRESSIVE;
				CLANG_CXX_LANGUAGE_STANDARD = "gnu++20";
				CLANG_ENABLE_MODULES = YES;
				CLANG_ENABLE_OBJC_ARC = YES;
				CLANG_ENABLE_OBJC_WEAK = YES;
				CLANG_WARN_BLOCK_CAPTURE_AUTORELEASING = YES;
				CLANG_WARN_BOOL_CONVERSION = YES;
				CLANG_WARN_COMMA = YES;
				CLANG_WARN_CONSTANT_CONVERSION = YES;
				CLANG_WARN_DEPRECATED_OBJC_IMPLEMENTATIONS = YES;
				CLANG_WARN_DIRECT_OBJC_ISA_USAGE = YES_ERROR;
				CLANG_WARN_DOCUMENTATION_COMMENTS = YES;
				CLANG_WARN_EMPTY_BODY = YES;
				CLANG_WARN_ENUM_CONVERSION = YES;
				CLANG_WARN_INFINITE_RECURSION = YES;
				CLANG_WARN_INT_CONVERSION = YES;
				CLANG_WARN_NON_LITERAL_NULL_CONVERSION = YES;
				CLANG_WARN_OBJC_IMPLICIT_RETAIN_SELF = YES;
				CLANG_WARN_OBJC_LITERAL_CONVERSION = YES;
				CLANG_WARN_OBJC_ROOT_CLASS = YES_ERROR;
				CLANG_WARN_QUOTED_INCLUDE_IN_FRAMEWORK_HEADER = YES;
				CLANG_WARN_RANGE_LOOP_ANALYSIS = YES;
				CLANG_WARN_STRICT_PROTOTYPES = YES;
				CLANG_WARN_SUSPICIOUS_MOVE = YES;
				CLANG_WARN_UNGUARDED_AVAILABILITY = YES_AGGRESSIVE;
				CLANG_WARN_UNREACHABLE_CODE = YES;
				CLANG_WARN__DUPLICATE_METHOD_MATCH = YES;
				COPY_PHASE_STRIP = NO;
				DEBUG_INFORMATION_FORMAT = "dwarf-with-dsym";
				ENABLE_NS_ASSERTIONS = NO;
				ENABLE_STRICT_OBJC_MSGSEND = YES;
				GCC_C_LANGUAGE_STANDARD = gnu11;
				GCC_NO_COMMON_BLOCKS = YES;
				GCC_WARN_64_TO_32_BIT_CONVERSION = YES;
				GCC_WARN_ABOUT_RETURN_TYPE = YES_ERROR;
				GCC_WARN_UNDECLARED_SELECTOR = YES;
				GCC_WARN_UNINITIALIZED_AUTOS = YES_AGGRESSIVE;
				GCC_WARN_UNUSED_FUNCTION = YES;
				GCC_WARN_UNUSED_VARIABLE = YES;
				IPHONEOS_DEPLOYMENT_TARGET = 16.4;
				MTL_ENABLE_DEBUG_INFO = NO;
				MTL_FAST_MATH = YES;
				SDKROOT = iphoneos;
				SWIFT_COMPILATION_MODE = wholemodule;
				SWIFT_OPTIMIZATION_LEVEL = "-O";
				VALIDATE_PRODUCT = YES;
			};
			name = Release;
		};
		8814A1192A73D4CE0061C45E /* Debug */ = {
			isa = XCBuildConfiguration;
			buildSettings = {
				ASSETCATALOG_COMPILER_APPICON_NAME = AppIcon;
				ASSETCATALOG_COMPILER_GLOBAL_ACCENT_COLOR_NAME = AccentColor;
				CODE_SIGN_STYLE = Automatic;
				CURRENT_PROJECT_VERSION = 1;
				GENERATE_INFOPLIST_FILE = YES;
				INFOPLIST_FILE = "If I die/Info.plist";
				INFOPLIST_KEY_UIApplicationSupportsIndirectInputEvents = YES;
				INFOPLIST_KEY_UILaunchStoryboardName = LaunchScreen;
				INFOPLIST_KEY_UISupportedInterfaceOrientations = UIInterfaceOrientationPortrait;
				IPHONEOS_DEPLOYMENT_TARGET = 15.0;
				LD_RUNPATH_SEARCH_PATHS = (
					"$(inherited)",
					"@executable_path/Frameworks",
				);
				MARKETING_VERSION = 1.0;
				PRODUCT_BUNDLE_IDENTIFIER = "ru.mionchinskiy.If-I-die";
				PRODUCT_NAME = "$(TARGET_NAME)";
				SWIFT_EMIT_LOC_STRINGS = YES;
				SWIFT_VERSION = 5.0;
				TARGETED_DEVICE_FAMILY = "1,2";
			};
			name = Debug;
		};
		8814A11A2A73D4CE0061C45E /* Release */ = {
			isa = XCBuildConfiguration;
			buildSettings = {
				ASSETCATALOG_COMPILER_APPICON_NAME = AppIcon;
				ASSETCATALOG_COMPILER_GLOBAL_ACCENT_COLOR_NAME = AccentColor;
				CODE_SIGN_STYLE = Automatic;
				CURRENT_PROJECT_VERSION = 1;
				GENERATE_INFOPLIST_FILE = YES;
				INFOPLIST_FILE = "If I die/Info.plist";
				INFOPLIST_KEY_UIApplicationSupportsIndirectInputEvents = YES;
				INFOPLIST_KEY_UILaunchStoryboardName = LaunchScreen;
				INFOPLIST_KEY_UISupportedInterfaceOrientations = UIInterfaceOrientationPortrait;
				IPHONEOS_DEPLOYMENT_TARGET = 15.0;
				LD_RUNPATH_SEARCH_PATHS = (
					"$(inherited)",
					"@executable_path/Frameworks",
				);
				MARKETING_VERSION = 1.0;
				PRODUCT_BUNDLE_IDENTIFIER = "ru.mionchinskiy.If-I-die";
				PRODUCT_NAME = "$(TARGET_NAME)";
				SWIFT_EMIT_LOC_STRINGS = YES;
				SWIFT_VERSION = 5.0;
				TARGETED_DEVICE_FAMILY = "1,2";
			};
			name = Release;
		};
/* End XCBuildConfiguration section */

/* Begin XCConfigurationList section */
		8814A0FC2A73D4CC0061C45E /* Build configuration list for PBXProject "If I die" */ = {
			isa = XCConfigurationList;
			buildConfigurations = (
				8814A1162A73D4CE0061C45E /* Debug */,
				8814A1172A73D4CE0061C45E /* Release */,
			);
			defaultConfigurationIsVisible = 0;
			defaultConfigurationName = Release;
		};
		8814A1182A73D4CE0061C45E /* Build configuration list for PBXNativeTarget "If I die" */ = {
			isa = XCConfigurationList;
			buildConfigurations = (
				8814A1192A73D4CE0061C45E /* Debug */,
				8814A11A2A73D4CE0061C45E /* Release */,
			);
			defaultConfigurationIsVisible = 0;
			defaultConfigurationName = Release;
		};
/* End XCConfigurationList section */

/* Begin XCRemoteSwiftPackageReference section */
		8814A1362A7747A50061C45E /* XCRemoteSwiftPackageReference "firebase-ios-sdk" */ = {
			isa = XCRemoteSwiftPackageReference;
			repositoryURL = "https://github.com/firebase/firebase-ios-sdk";
			requirement = {
				kind = upToNextMajorVersion;
				minimumVersion = 10.12.0;
			};
		};
/* End XCRemoteSwiftPackageReference section */

/* Begin XCSwiftPackageProductDependency section */
		8814A1372A7747A60061C45E /* FirebaseAuth */ = {
			isa = XCSwiftPackageProductDependency;
			package = 8814A1362A7747A50061C45E /* XCRemoteSwiftPackageReference "firebase-ios-sdk" */;
			productName = FirebaseAuth;
		};
		8814A1392A7747A60061C45E /* FirebaseFirestore */ = {
			isa = XCSwiftPackageProductDependency;
			package = 8814A1362A7747A50061C45E /* XCRemoteSwiftPackageReference "firebase-ios-sdk" */;
			productName = FirebaseFirestore;
		};
		8814A13B2A7747A60061C45E /* FirebaseFirestoreSwift */ = {
			isa = XCSwiftPackageProductDependency;
			package = 8814A1362A7747A50061C45E /* XCRemoteSwiftPackageReference "firebase-ios-sdk" */;
			productName = FirebaseFirestoreSwift;
		};
/* End XCSwiftPackageProductDependency section */

/* Begin XCVersionGroup section */
		8814A10D2A73D4CC0061C45E /* If_I_die.xcdatamodeld */ = {
			isa = XCVersionGroup;
			children = (
				8814A10E2A73D4CC0061C45E /* If_I_die.xcdatamodel */,
			);
			currentVersion = 8814A10E2A73D4CC0061C45E /* If_I_die.xcdatamodel */;
			path = If_I_die.xcdatamodeld;
			sourceTree = "<group>";
			versionGroupType = wrapper.xcdatamodel;
		};
/* End XCVersionGroup section */
	};
	rootObject = 8814A0F92A73D4CC0061C45E /* Project object */;
}
